
Microsoft Visual Studio Solution File, Format Version 12.00
# Visual Studio Version 17
VisualStudioVersion = 17.7.34009.444
MinimumVisualStudioVersion = 10.0.40219.1
Project("{2150E333-8FDC-42A3-9474-1A3956D46DE8}") = "1", "1", "{3FC0940D-3BD9-4E7A-86B7-41F3BF0ED865}"
EndProject
Project("{9A19103F-16F7-4668-BE54-9A1E7A4F7556}") = "1-1", "1\1-1.csproj", "{9E176131-859B-4E3B-95F7-CE87882BBC40}"
EndProject
Project("{9A19103F-16F7-4668-BE54-9A1E7A4F7556}") = "1-2", "2\1-2.csproj", "{BA82B212-8BFE-4087-8FD1-B2BEEBE776B9}"
EndProject
Project("{9A19103F-16F7-4668-BE54-9A1E7A4F7556}") = "1-3", "3\1-3.csproj", "{155B5C71-A695-41B4-83A4-FEC2244C890C}"
EndProject
Project("{2150E333-8FDC-42A3-9474-1A3956D46DE8}") = "2", "2", "{014A73F7-3DDB-45F3-A194-52F43ACD0A83}"
EndProject
Project("{FAE04EC0-301F-11D3-BF4B-00C04F79EFBC}") = "2-1", "2-1\2-1.csproj", "{49B5291C-E520-402D-AB38-ACB0893F884F}"
EndProject
Project("{FAE04EC0-301F-11D3-BF4B-00C04F79EFBC}") = "2-2", "2-2\2-2.csproj", "{4676C8C6-2F28-49F0-8963-3B2C2B9F5880}"
EndProject
Project("{FAE04EC0-301F-11D3-BF4B-00C04F79EFBC}") = "2-3", "2-3\2-3.csproj", "{93BD0458-B5E8-4E0B-88F1-DFA0B806BE2D}"
EndProject
Project("{FAE04EC0-301F-11D3-BF4B-00C04F79EFBC}") = "2-4", "2-4\2-4.csproj", "{B0BE6DEC-F9DF-4436-99BC-E9113335BA2F}"
EndProject
Project("{FAE04EC0-301F-11D3-BF4B-00C04F79EFBC}") = "2-5", "2-5\2-5.csproj", "{9D824C33-89FE-4A39-9070-61E8C86F2628}"
EndProject
Project("{FAE04EC0-301F-11D3-BF4B-00C04F79EFBC}") = "2-6", "2-6\2-6.csproj", "{29CADC56-FEAD-4F36-AF53-021A8E9791BA}"
EndProject
Project("{FAE04EC0-301F-11D3-BF4B-00C04F79EFBC}") = "2-7", "2-7\2-7.csproj", "{D7A5B3C5-8CBF-49F0-92F1-4FDC857F6096}"
EndProject
Project("{FAE04EC0-301F-11D3-BF4B-00C04F79EFBC}") = "2-8", "2-8\2-8.csproj", "{4509DFDD-747A-4BFA-B3F4-0C1098C4050D}"
EndProject
Project("{FAE04EC0-301F-11D3-BF4B-00C04F79EFBC}") = "2-9", "2-9\2-9.csproj", "{CBEB8C44-DE52-41F3-8C4A-18D2A3C4393F}"
EndProject
Project("{FAE04EC0-301F-11D3-BF4B-00C04F79EFBC}") = "2-10", "2-10\2-10.csproj", "{3BD5C605-4C17-41E3-9AEA-7885DC6A9F16}"
EndProject
Project("{FAE04EC0-301F-11D3-BF4B-00C04F79EFBC}") = "2-11", "2-11\2-11.csproj", "{46614F90-BA35-4D34-A880-013739FD971D}"
EndProject
Project("{FAE04EC0-301F-11D3-BF4B-00C04F79EFBC}") = "2-12", "2-12\2-12.csproj", "{C6C29405-D500-4217-8BFD-64D7B7AC3D31}"
EndProject
Global
	GlobalSection(SolutionConfigurationPlatforms) = preSolution
		Debug|Any CPU = Debug|Any CPU
		Release|Any CPU = Release|Any CPU
	EndGlobalSection
	GlobalSection(ProjectConfigurationPlatforms) = postSolution
		{9E176131-859B-4E3B-95F7-CE87882BBC40}.Debug|Any CPU.ActiveCfg = Debug|Any CPU
		{9E176131-859B-4E3B-95F7-CE87882BBC40}.Debug|Any CPU.Build.0 = Debug|Any CPU
		{9E176131-859B-4E3B-95F7-CE87882BBC40}.Release|Any CPU.ActiveCfg = Release|Any CPU
		{9E176131-859B-4E3B-95F7-CE87882BBC40}.Release|Any CPU.Build.0 = Release|Any CPU
		{BA82B212-8BFE-4087-8FD1-B2BEEBE776B9}.Debug|Any CPU.ActiveCfg = Debug|Any CPU
		{BA82B212-8BFE-4087-8FD1-B2BEEBE776B9}.Debug|Any CPU.Build.0 = Debug|Any CPU
		{BA82B212-8BFE-4087-8FD1-B2BEEBE776B9}.Release|Any CPU.ActiveCfg = Release|Any CPU
		{BA82B212-8BFE-4087-8FD1-B2BEEBE776B9}.Release|Any CPU.Build.0 = Release|Any CPU
		{155B5C71-A695-41B4-83A4-FEC2244C890C}.Debug|Any CPU.ActiveCfg = Debug|Any CPU
		{155B5C71-A695-41B4-83A4-FEC2244C890C}.Debug|Any CPU.Build.0 = Debug|Any CPU
		{155B5C71-A695-41B4-83A4-FEC2244C890C}.Release|Any CPU.ActiveCfg = Release|Any CPU
		{155B5C71-A695-41B4-83A4-FEC2244C890C}.Release|Any CPU.Build.0 = Release|Any CPU
		{49B5291C-E520-402D-AB38-ACB0893F884F}.Debug|Any CPU.ActiveCfg = Debug|Any CPU
		{49B5291C-E520-402D-AB38-ACB0893F884F}.Debug|Any CPU.Build.0 = Debug|Any CPU
		{49B5291C-E520-402D-AB38-ACB0893F884F}.Release|Any CPU.ActiveCfg = Release|Any CPU
		{49B5291C-E520-402D-AB38-ACB0893F884F}.Release|Any CPU.Build.0 = Release|Any CPU
		{4676C8C6-2F28-49F0-8963-3B2C2B9F5880}.Debug|Any CPU.ActiveCfg = Debug|Any CPU
		{4676C8C6-2F28-49F0-8963-3B2C2B9F5880}.Debug|Any CPU.Build.0 = Debug|Any CPU
		{4676C8C6-2F28-49F0-8963-3B2C2B9F5880}.Release|Any CPU.ActiveCfg = Release|Any CPU
		{4676C8C6-2F28-49F0-8963-3B2C2B9F5880}.Release|Any CPU.Build.0 = Release|Any CPU
		{93BD0458-B5E8-4E0B-88F1-DFA0B806BE2D}.Debug|Any CPU.ActiveCfg = Debug|Any CPU
		{93BD0458-B5E8-4E0B-88F1-DFA0B806BE2D}.Debug|Any CPU.Build.0 = Debug|Any CPU
		{93BD0458-B5E8-4E0B-88F1-DFA0B806BE2D}.Release|Any CPU.ActiveCfg = Release|Any CPU
		{93BD0458-B5E8-4E0B-88F1-DFA0B806BE2D}.Release|Any CPU.Build.0 = Release|Any CPU
		{B0BE6DEC-F9DF-4436-99BC-E9113335BA2F}.Debug|Any CPU.ActiveCfg = Debug|Any CPU
		{B0BE6DEC-F9DF-4436-99BC-E9113335BA2F}.Debug|Any CPU.Build.0 = Debug|Any CPU
		{B0BE6DEC-F9DF-4436-99BC-E9113335BA2F}.Release|Any CPU.ActiveCfg = Release|Any CPU
		{B0BE6DEC-F9DF-4436-99BC-E9113335BA2F}.Release|Any CPU.Build.0 = Release|Any CPU
		{9D824C33-89FE-4A39-9070-61E8C86F2628}.Debug|Any CPU.ActiveCfg = Debug|Any CPU
		{9D824C33-89FE-4A39-9070-61E8C86F2628}.Debug|Any CPU.Build.0 = Debug|Any CPU
		{9D824C33-89FE-4A39-9070-61E8C86F2628}.Release|Any CPU.ActiveCfg = Release|Any CPU
		{9D824C33-89FE-4A39-9070-61E8C86F2628}.Release|Any CPU.Build.0 = Release|Any CPU
		{29CADC56-FEAD-4F36-AF53-021A8E9791BA}.Debug|Any CPU.ActiveCfg = Debug|Any CPU
		{29CADC56-FEAD-4F36-AF53-021A8E9791BA}.Debug|Any CPU.Build.0 = Debug|Any CPU
		{29CADC56-FEAD-4F36-AF53-021A8E9791BA}.Release|Any CPU.ActiveCfg = Release|Any CPU
		{29CADC56-FEAD-4F36-AF53-021A8E9791BA}.Release|Any CPU.Build.0 = Release|Any CPU
		{D7A5B3C5-8CBF-49F0-92F1-4FDC857F6096}.Debug|Any CPU.ActiveCfg = Debug|Any CPU
		{D7A5B3C5-8CBF-49F0-92F1-4FDC857F6096}.Debug|Any CPU.Build.0 = Debug|Any CPU
		{D7A5B3C5-8CBF-49F0-92F1-4FDC857F6096}.Release|Any CPU.ActiveCfg = Release|Any CPU
		{D7A5B3C5-8CBF-49F0-92F1-4FDC857F6096}.Release|Any CPU.Build.0 = Release|Any CPU
		{4509DFDD-747A-4BFA-B3F4-0C1098C4050D}.Debug|Any CPU.ActiveCfg = Debug|Any CPU
		{4509DFDD-747A-4BFA-B3F4-0C1098C4050D}.Debug|Any CPU.Build.0 = Debug|Any CPU
		{4509DFDD-747A-4BFA-B3F4-0C1098C4050D}.Release|Any CPU.ActiveCfg = Release|Any CPU
		{4509DFDD-747A-4BFA-B3F4-0C1098C4050D}.Release|Any CPU.Build.0 = Release|Any CPU
		{CBEB8C44-DE52-41F3-8C4A-18D2A3C4393F}.Debug|Any CPU.ActiveCfg = Debug|Any CPU
		{CBEB8C44-DE52-41F3-8C4A-18D2A3C4393F}.Debug|Any CPU.Build.0 = Debug|Any CPU
		{CBEB8C44-DE52-41F3-8C4A-18D2A3C4393F}.Release|Any CPU.ActiveCfg = Release|Any CPU
		{CBEB8C44-DE52-41F3-8C4A-18D2A3C4393F}.Release|Any CPU.Build.0 = Release|Any CPU
		{3BD5C605-4C17-41E3-9AEA-7885DC6A9F16}.Debug|Any CPU.ActiveCfg = Debug|Any CPU
		{3BD5C605-4C17-41E3-9AEA-7885DC6A9F16}.Debug|Any CPU.Build.0 = Debug|Any CPU
		{3BD5C605-4C17-41E3-9AEA-7885DC6A9F16}.Release|Any CPU.ActiveCfg = Release|Any CPU
		{3BD5C605-4C17-41E3-9AEA-7885DC6A9F16}.Release|Any CPU.Build.0 = Release|Any CPU
		{46614F90-BA35-4D34-A880-013739FD971D}.Debug|Any CPU.ActiveCfg = Debug|Any CPU
		{46614F90-BA35-4D34-A880-013739FD971D}.Debug|Any CPU.Build.0 = Debug|Any CPU
		{46614F90-BA35-4D34-A880-013739FD971D}.Release|Any CPU.ActiveCfg = Release|Any CPU
		{46614F90-BA35-4D34-A880-013739FD971D}.Release|Any CPU.Build.0 = Release|Any CPU
		{C6C29405-D500-4217-8BFD-64D7B7AC3D31}.Debug|Any CPU.ActiveCfg = Debug|Any CPU
		{C6C29405-D500-4217-8BFD-64D7B7AC3D31}.Debug|Any CPU.Build.0 = Debug|Any CPU
		{C6C29405-D500-4217-8BFD-64D7B7AC3D31}.Release|Any CPU.ActiveCfg = Release|Any CPU
		{C6C29405-D500-4217-8BFD-64D7B7AC3D31}.Release|Any CPU.Build.0 = Release|Any CPU
	EndGlobalSection
	GlobalSection(SolutionProperties) = preSolution
		HideSolutionNode = FALSE
	EndGlobalSection
	GlobalSection(NestedProjects) = preSolution
		{9E176131-859B-4E3B-95F7-CE87882BBC40} = {3FC0940D-3BD9-4E7A-86B7-41F3BF0ED865}
		{BA82B212-8BFE-4087-8FD1-B2BEEBE776B9} = {3FC0940D-3BD9-4E7A-86B7-41F3BF0ED865}
		{155B5C71-A695-41B4-83A4-FEC2244C890C} = {3FC0940D-3BD9-4E7A-86B7-41F3BF0ED865}
		{49B5291C-E520-402D-AB38-ACB0893F884F} = {014A73F7-3DDB-45F3-A194-52F43ACD0A83}
		{4676C8C6-2F28-49F0-8963-3B2C2B9F5880} = {014A73F7-3DDB-45F3-A194-52F43ACD0A83}
		{93BD0458-B5E8-4E0B-88F1-DFA0B806BE2D} = {014A73F7-3DDB-45F3-A194-52F43ACD0A83}
		{B0BE6DEC-F9DF-4436-99BC-E9113335BA2F} = {014A73F7-3DDB-45F3-A194-52F43ACD0A83}
		{9D824C33-89FE-4A39-9070-61E8C86F2628} = {014A73F7-3DDB-45F3-A194-52F43ACD0A83}
		{29CADC56-FEAD-4F36-AF53-021A8E9791BA} = {014A73F7-3DDB-45F3-A194-52F43ACD0A83}
		{D7A5B3C5-8CBF-49F0-92F1-4FDC857F6096} = {014A73F7-3DDB-45F3-A194-52F43ACD0A83}
		{4509DFDD-747A-4BFA-B3F4-0C1098C4050D} = {014A73F7-3DDB-45F3-A194-52F43ACD0A83}
		{CBEB8C44-DE52-41F3-8C4A-18D2A3C4393F} = {014A73F7-3DDB-45F3-A194-52F43ACD0A83}
		{3BD5C605-4C17-41E3-9AEA-7885DC6A9F16} = {014A73F7-3DDB-45F3-A194-52F43ACD0A83}
		{46614F90-BA35-4D34-A880-013739FD971D} = {014A73F7-3DDB-45F3-A194-52F43ACD0A83}
		{C6C29405-D500-4217-8BFD-64D7B7AC3D31} = {014A73F7-3DDB-45F3-A194-52F43ACD0A83}
	EndGlobalSection
	GlobalSection(ExtensibilityGlobals) = postSolution
		SolutionGuid = {C46B381C-A7D3-43E0-8E11-8168CA8A4B03}
	EndGlobalSection
EndGlobal
